// !$*UTF8*$!
{
	archiveVersion = 1;
	classes = {
	};
	objectVersion = 50;
	objects = {

/* Begin PBXBuildFile section */
		D3CDD94C242615BD0059B620 /* AppDelegate.swift in Sources */ = {isa = PBXBuildFile; fileRef = D3CDD94B242615BD0059B620 /* AppDelegate.swift */; };
		D3CDD94E242615BD0059B620 /* SceneDelegate.swift in Sources */ = {isa = PBXBuildFile; fileRef = D3CDD94D242615BD0059B620 /* SceneDelegate.swift */; };
		D3CDD950242615BD0059B620 /* ContentView.swift in Sources */ = {isa = PBXBuildFile; fileRef = D3CDD94F242615BD0059B620 /* ContentView.swift */; };
		D3CDD952242615C00059B620 /* Assets.xcassets in Resources */ = {isa = PBXBuildFile; fileRef = D3CDD951242615C00059B620 /* Assets.xcassets */; };
		D3CDD955242615C00059B620 /* Preview Assets.xcassets in Resources */ = {isa = PBXBuildFile; fileRef = D3CDD954242615C00059B620 /* Preview Assets.xcassets */; };
		D3CDD958242615C00059B620 /* LaunchScreen.storyboard in Resources */ = {isa = PBXBuildFile; fileRef = D3CDD956242615C00059B620 /* LaunchScreen.storyboard */; };
		D3CDD963242615C00059B620 /* WebViewTests.swift in Sources */ = {isa = PBXBuildFile; fileRef = D3CDD962242615C00059B620 /* WebViewTests.swift */; };
		D3CDD970242616CD0059B620 /* CustomWebView.swift in Sources */ = {isa = PBXBuildFile; fileRef = D3CDD96F242616CD0059B620 /* CustomWebView.swift */; };
		D3CDD972242618E60059B620 /* index.html in Resources */ = {isa = PBXBuildFile; fileRef = D3CDD971242618E60059B620 /* index.html */; };
		D3CDD976242639460059B620 /* WebView.swift in Sources */ = {isa = PBXBuildFile; fileRef = D3CDD975242639460059B620 /* WebView.swift */; };
/* End PBXBuildFile section */

/* Begin PBXContainerItemProxy section */
		D3CDD95F242615C00059B620 /* PBXContainerItemProxy */ = {
			isa = PBXContainerItemProxy;
			containerPortal = D3CDD940242615BD0059B620 /* Project object */;
			proxyType = 1;
			remoteGlobalIDString = D3CDD947242615BD0059B620;
			remoteInfo = WebView;
		};
/* End PBXContainerItemProxy section */

/* Begin PBXFileReference section */
		D3CDD948242615BD0059B620 /* WebView.app */ = {isa = PBXFileReference; explicitFileType = wrapper.application; includeInIndex = 0; path = WebView.app; sourceTree = BUILT_PRODUCTS_DIR; };
		D3CDD94B242615BD0059B620 /* AppDelegate.swift */ = {isa = PBXFileReference; lastKnownFileType = sourcecode.swift; path = AppDelegate.swift; sourceTree = "<group>"; };
		D3CDD94D242615BD0059B620 /* SceneDelegate.swift */ = {isa = PBXFileReference; lastKnownFileType = sourcecode.swift; path = SceneDelegate.swift; sourceTree = "<group>"; };
		D3CDD94F242615BD0059B620 /* ContentView.swift */ = {isa = PBXFileReference; lastKnownFileType = sourcecode.swift; path = ContentView.swift; sourceTree = "<group>"; };
		D3CDD951242615C00059B620 /* Assets.xcassets */ = {isa = PBXFileReference; lastKnownFileType = folder.assetcatalog; path = Assets.xcassets; sourceTree = "<group>"; };
		D3CDD954242615C00059B620 /* Preview Assets.xcassets */ = {isa = PBXFileReference; lastKnownFileType = folder.assetcatalog; path = "Preview Assets.xcassets"; sourceTree = "<group>"; };
		D3CDD957242615C00059B620 /* Base */ = {isa = PBXFileReference; lastKnownFileType = file.storyboard; name = Base; path = Base.lproj/LaunchScreen.storyboard; sourceTree = "<group>"; };
		D3CDD959242615C00059B620 /* Info.plist */ = {isa = PBXFileReference; lastKnownFileType = text.plist.xml; path = Info.plist; sourceTree = "<group>"; };
		D3CDD95E242615C00059B620 /* WebViewTests.xctest */ = {isa = PBXFileReference; explicitFileType = wrapper.cfbundle; includeInIndex = 0; path = WebViewTests.xctest; sourceTree = BUILT_PRODUCTS_DIR; };
		D3CDD962242615C00059B620 /* WebViewTests.swift */ = {isa = PBXFileReference; lastKnownFileType = sourcecode.swift; path = WebViewTests.swift; sourceTree = "<group>"; };
		D3CDD964242615C00059B620 /* Info.plist */ = {isa = PBXFileReference; lastKnownFileType = text.plist.xml; path = Info.plist; sourceTree = "<group>"; };
		D3CDD96F242616CD0059B620 /* CustomWebView.swift */ = {isa = PBXFileReference; lastKnownFileType = sourcecode.swift; path = CustomWebView.swift; sourceTree = "<group>"; };
		D3CDD971242618E60059B620 /* index.html */ = {isa = PBXFileReference; lastKnownFileType = text.html; path = index.html; sourceTree = "<group>"; };
		D3CDD975242639460059B620 /* WebView.swift */ = {isa = PBXFileReference; lastKnownFileType = sourcecode.swift; path = WebView.swift; sourceTree = "<group>"; };
/* End PBXFileReference section */

/* Begin PBXFrameworksBuildPhase section */
		D3CDD945242615BD0059B620 /* Frameworks */ = {
			isa = PBXFrameworksBuildPhase;
			buildActionMask = 2147483647;
			files = (
			);
			runOnlyForDeploymentPostprocessing = 0;
		};
		D3CDD95B242615C00059B620 /* Frameworks */ = {
			isa = PBXFrameworksBuildPhase;
			buildActionMask = 2147483647;
			files = (
			);
			runOnlyForDeploymentPostprocessing = 0;
		};
/* End PBXFrameworksBuildPhase section */

/* Begin PBXGroup section */
		D3CDD93F242615BD0059B620 = {
			isa = PBXGroup;
			children = (
				D3CDD94A242615BD0059B620 /* WebView */,
				D3CDD961242615C00059B620 /* WebViewTests */,
				D3CDD949242615BD0059B620 /* Products */,
			);
			sourceTree = "<group>";
		};
		D3CDD949242615BD0059B620 /* Products */ = {
			isa = PBXGroup;
			children = (
				D3CDD948242615BD0059B620 /* WebView.app */,
				D3CDD95E242615C00059B620 /* WebViewTests.xctest */,
			);
			name = Products;
			sourceTree = "<group>";
		};
		D3CDD94A242615BD0059B620 /* WebView */ = {
			isa = PBXGroup;
			children = (
				D3CDD94B242615BD0059B620 /* AppDelegate.swift */,
				D3CDD94D242615BD0059B620 /* SceneDelegate.swift */,
				D3CDD94F242615BD0059B620 /* ContentView.swift */,
				D3CDD975242639460059B620 /* WebView.swift */,
				D3CDD96F242616CD0059B620 /* CustomWebView.swift */,
				D3CDD971242618E60059B620 /* index.html */,
				D3CDD951242615C00059B620 /* Assets.xcassets */,
				D3CDD956242615C00059B620 /* LaunchScreen.storyboard */,
				D3CDD959242615C00059B620 /* Info.plist */,
				D3CDD953242615C00059B620 /* Preview Content */,
			);
			path = WebView;
			sourceTree = "<group>";
		};
		D3CDD953242615C00059B620 /* Preview Content */ = {
			isa = PBXGroup;
			children = (
				D3CDD954242615C00059B620 /* Preview Assets.xcassets */,
			);
			path = "Preview Content";
			sourceTree = "<group>";
		};
		D3CDD961242615C00059B620 /* WebViewTests */ = {
			isa = PBXGroup;
			children = (
				D3CDD962242615C00059B620 /* WebViewTests.swift */,
				D3CDD964242615C00059B620 /* Info.plist */,
			);
			path = WebViewTests;
			sourceTree = "<group>";
		};
/* End PBXGroup section */

/* Begin PBXNativeTarget section */
		D3CDD947242615BD0059B620 /* WebView */ = {
			isa = PBXNativeTarget;
			buildConfigurationList = D3CDD967242615C00059B620 /* Build configuration list for PBXNativeTarget "WebView" */;
			buildPhases = (
				D3CDD944242615BD0059B620 /* Sources */,
				D3CDD945242615BD0059B620 /* Frameworks */,
				D3CDD946242615BD0059B620 /* Resources */,
			);
			buildRules = (
			);
			dependencies = (
			);
			name = WebView;
			productName = WebView;
			productReference = D3CDD948242615BD0059B620 /* WebView.app */;
			productType = "com.apple.product-type.application";
		};
		D3CDD95D242615C00059B620 /* WebViewTests */ = {
			isa = PBXNativeTarget;
			buildConfigurationList = D3CDD96A242615C00059B620 /* Build configuration list for PBXNativeTarget "WebViewTests" */;
			buildPhases = (
				D3CDD95A242615C00059B620 /* Sources */,
				D3CDD95B242615C00059B620 /* Frameworks */,
				D3CDD95C242615C00059B620 /* Resources */,
			);
			buildRules = (
			);
			dependencies = (
				D3CDD960242615C00059B620 /* PBXTargetDependency */,
			);
			name = WebViewTests;
			productName = WebViewTests;
			productReference = D3CDD95E242615C00059B620 /* WebViewTests.xctest */;
			productType = "com.apple.product-type.bundle.unit-test";
		};
/* End PBXNativeTarget section */

/* Begin PBXProject section */
		D3CDD940242615BD0059B620 /* Project object */ = {
			isa = PBXProject;
			attributes = {
				LastSwiftUpdateCheck = 1130;
				LastUpgradeCheck = 1130;
				ORGANIZATIONNAME = "Alberto Moral";
				TargetAttributes = {
					D3CDD947242615BD0059B620 = {
						CreatedOnToolsVersion = 11.3.1;
					};
					D3CDD95D242615C00059B620 = {
						CreatedOnToolsVersion = 11.3.1;
						TestTargetID = D3CDD947242615BD0059B620;
					};
				};
			};
			buildConfigurationList = D3CDD943242615BD0059B620 /* Build configuration list for PBXProject "WebView" */;
			compatibilityVersion = "Xcode 9.3";
			developmentRegion = en;
			hasScannedForEncodings = 0;
			knownRegions = (
				en,
				Base,
			);
			mainGroup = D3CDD93F242615BD0059B620;
			productRefGroup = D3CDD949242615BD0059B620 /* Products */;
			projectDirPath = "";
			projectRoot = "";
			targets = (
				D3CDD947242615BD0059B620 /* WebView */,
				D3CDD95D242615C00059B620 /* WebViewTests */,
			);
		};
/* End PBXProject section */

/* Begin PBXResourcesBuildPhase section */
		D3CDD946242615BD0059B620 /* Resources */ = {
			isa = PBXResourcesBuildPhase;
			buildActionMask = 2147483647;
			files = (
				D3CDD958242615C00059B620 /* LaunchScreen.storyboard in Resources */,
				D3CDD972242618E60059B620 /* index.html in Resources */,
				D3CDD955242615C00059B620 /* Preview Assets.xcassets in Resources */,
				D3CDD952242615C00059B620 /* Assets.xcassets in Resources */,
			);
			runOnlyForDeploymentPostprocessing = 0;
		};
		D3CDD95C242615C00059B620 /* Resources */ = {
			isa = PBXResourcesBuildPhase;
			buildActionMask = 2147483647;
			files = (
			);
			runOnlyForDeploymentPostprocessing = 0;
		};
/* End PBXResourcesBuildPhase section */

/* Begin PBXSourcesBuildPhase section */
		D3CDD944242615BD0059B620 /* Sources */ = {
			isa = PBXSourcesBuildPhase;
			buildActionMask = 2147483647;
			files = (
				D3CDD94C242615BD0059B620 /* AppDelegate.swift in Sources */,
				D3CDD94E242615BD0059B620 /* SceneDelegate.swift in Sources */,
				D3CDD950242615BD0059B620 /* ContentView.swift in Sources */,
				D3CDD970242616CD0059B620 /* CustomWebView.swift in Sources */,
				D3CDD976242639460059B620 /* WebView.swift in Sources */,
			);
			runOnlyForDeploymentPostprocessing = 0;
		};
		D3CDD95A242615C00059B620 /* Sources */ = {
			isa = PBXSourcesBuildPhase;
			buildActionMask = 2147483647;
			files = (
				D3CDD963242615C00059B620 /* WebViewTests.swift in Sources */,
			);
			runOnlyForDeploymentPostprocessing = 0;
		};
/* End PBXSourcesBuildPhase section */

/* Begin PBXTargetDependency section */
		D3CDD960242615C00059B620 /* PBXTargetDependency */ = {
			isa = PBXTargetDependency;
			target = D3CDD947242615BD0059B620 /* WebView */;
			targetProxy = D3CDD95F242615C00059B620 /* PBXContainerItemProxy */;
		};
/* End PBXTargetDependency section */

/* Begin PBXVariantGroup section */
		D3CDD956242615C00059B620 /* LaunchScreen.storyboard */ = {
			isa = PBXVariantGroup;
			children = (
				D3CDD957242615C00059B620 /* Base */,
			);
			name = LaunchScreen.storyboard;
			sourceTree = "<group>";
		};
/* End PBXVariantGroup section */

/* Begin XCBuildConfiguration section */
		D3CDD965242615C00059B620 /* Debug */ = {
			isa = XCBuildConfiguration;
			buildSettings = {
				ALWAYS_SEARCH_USER_PATHS = NO;
				CLANG_ANALYZER_NONNULL = YES;
				CLANG_ANALYZER_NUMBER_OBJECT_CONVERSION = YES_AGGRESSIVE;
				CLANG_CXX_LANGUAGE_STANDARD = "gnu++14";
				CLANG_CXX_LIBRARY = "libc++";
				CLANG_ENABLE_MODULES = YES;
				CLANG_ENABLE_OBJC_ARC = YES;
				CLANG_ENABLE_OBJC_WEAK = YES;
				CLANG_WARN_BLOCK_CAPTURE_AUTORELEASING = YES;
				CLANG_WARN_BOOL_CONVERSION = YES;
				CLANG_WARN_COMMA = YES;
				CLANG_WARN_CONSTANT_CONVERSION = YES;
				CLANG_WARN_DEPRECATED_OBJC_IMPLEMENTATIONS = YES;
				CLANG_WARN_DIRECT_OBJC_ISA_USAGE = YES_ERROR;
				CLANG_WARN_DOCUMENTATION_COMMENTS = YES;
				CLANG_WARN_EMPTY_BODY = YES;
				CLANG_WARN_ENUM_CONVERSION = YES;
				CLANG_WARN_INFINITE_RECURSION = YES;
				CLANG_WARN_INT_CONVERSION = YES;
				CLANG_WARN_NON_LITERAL_NULL_CONVERSION = YES;
				CLANG_WARN_OBJC_IMPLICIT_RETAIN_SELF = YES;
				CLANG_WARN_OBJC_LITERAL_CONVERSION = YES;
				CLANG_WARN_OBJC_ROOT_CLASS = YES_ERROR;
				CLANG_WARN_RANGE_LOOP_ANALYSIS = YES;
				CLANG_WARN_STRICT_PROTOTYPES = YES;
				CLANG_WARN_SUSPICIOUS_MOVE = YES;
				CLANG_WARN_UNGUARDED_AVAILABILITY = YES_AGGRESSIVE;
				CLANG_WARN_UNREACHABLE_CODE = YES;
				CLANG_WARN__DUPLICATE_METHOD_MATCH = YES;
				COPY_PHASE_STRIP = NO;
				DEBUG_INFORMATION_FORMAT = dwarf;
				ENABLE_STRICT_OBJC_MSGSEND = YES;
				ENABLE_TESTABILITY = YES;
				GCC_C_LANGUAGE_STANDARD = gnu11;
				GCC_DYNAMIC_NO_PIC = NO;
				GCC_NO_COMMON_BLOCKS = YES;
				GCC_OPTIMIZATION_LEVEL = 0;
				GCC_PREPROCESSOR_DEFINITIONS = (
					"DEBUG=1",
					"$(inherited)",
				);
				GCC_WARN_64_TO_32_BIT_CONVERSION = YES;
				GCC_WARN_ABOUT_RETURN_TYPE = YES_ERROR;
				GCC_WARN_UNDECLARED_SELECTOR = YES;
				GCC_WARN_UNINITIALIZED_AUTOS = YES_AGGRESSIVE;
				GCC_WARN_UNUSED_FUNCTION = YES;
				GCC_WARN_UNUSED_VARIABLE = YES;
				IPHONEOS_DEPLOYMENT_TARGET = 13.2;
				MTL_ENABLE_DEBUG_INFO = INCLUDE_SOURCE;
				MTL_FAST_MATH = YES;
				ONLY_ACTIVE_ARCH = YES;
				SDKROOT = iphoneos;
				SWIFT_ACTIVE_COMPILATION_CONDITIONS = DEBUG;
				SWIFT_OPTIMIZATION_LEVEL = "-Onone";
			};
			name = Debug;
		};
		D3CDD966242615C00059B620 /* Release */ = {
			isa = XCBuildConfiguration;
			buildSettings = {
				ALWAYS_SEARCH_USER_PATHS = NO;
				CLANG_ANALYZER_NONNULL = YES;
				CLANG_ANALYZER_NUMBER_OBJECT_CONVERSION = YES_AGGRESSIVE;
				CLANG_CXX_LANGUAGE_STANDARD = "gnu++14";
				CLANG_CXX_LIBRARY = "libc++";
				CLANG_ENABLE_MODULES = YES;
				CLANG_ENABLE_OBJC_ARC = YES;
				CLANG_ENABLE_OBJC_WEAK = YES;
				CLANG_WARN_BLOCK_CAPTURE_AUTORELEASING = YES;
				CLANG_WARN_BOOL_CONVERSION = YES;
				CLANG_WARN_COMMA = YES;
				CLANG_WARN_CONSTANT_CONVERSION = YES;
				CLANG_WARN_DEPRECATED_OBJC_IMPLEMENTATIONS = YES;
				CLANG_WARN_DIRECT_OBJC_ISA_USAGE = YES_ERROR;
				CLANG_WARN_DOCUMENTATION_COMMENTS = YES;
				CLANG_WARN_EMPTY_BODY = YES;
				CLANG_WARN_ENUM_CONVERSION = YES;
				CLANG_WARN_INFINITE_RECURSION = YES;
				CLANG_WARN_INT_CONVERSION = YES;
				CLANG_WARN_NON_LITERAL_NULL_CONVERSION = YES;
				CLANG_WARN_OBJC_IMPLICIT_RETAIN_SELF = YES;
				CLANG_WARN_OBJC_LITERAL_CONVERSION = YES;
				CLANG_WARN_OBJC_ROOT_CLASS = YES_ERROR;
				CLANG_WARN_RANGE_LOOP_ANALYSIS = YES;
				CLANG_WARN_STRICT_PROTOTYPES = YES;
				CLANG_WARN_SUSPICIOUS_MOVE = YES;
				CLANG_WARN_UNGUARDED_AVAILABILITY = YES_AGGRESSIVE;
				CLANG_WARN_UNREACHABLE_CODE = YES;
				CLANG_WARN__DUPLICATE_METHOD_MATCH = YES;
				COPY_PHASE_STRIP = NO;
				DEBUG_INFORMATION_FORMAT = "dwarf-with-dsym";
				ENABLE_NS_ASSERTIONS = NO;
				ENABLE_STRICT_OBJC_MSGSEND = YES;
				GCC_C_LANGUAGE_STANDARD = gnu11;
				GCC_NO_COMMON_BLOCKS = YES;
				GCC_WARN_64_TO_32_BIT_CONVERSION = YES;
				GCC_WARN_ABOUT_RETURN_TYPE = YES_ERROR;
				GCC_WARN_UNDECLARED_SELECTOR = YES;
				GCC_WARN_UNINITIALIZED_AUTOS = YES_AGGRESSIVE;
				GCC_WARN_UNUSED_FUNCTION = YES;
				GCC_WARN_UNUSED_VARIABLE = YES;
				IPHONEOS_DEPLOYMENT_TARGET = 13.2;
				MTL_ENABLE_DEBUG_INFO = NO;
				MTL_FAST_MATH = YES;
				SDKROOT = iphoneos;
				SWIFT_COMPILATION_MODE = wholemodule;
				SWIFT_OPTIMIZATION_LEVEL = "-O";
				VALIDATE_PRODUCT = YES;
			};
			name = Release;
		};
		D3CDD968242615C00059B620 /* Debug */ = {
			isa = XCBuildConfiguration;
			buildSettings = {
				ASSETCATALOG_COMPILER_APPICON_NAME = AppIcon;
				CODE_SIGN_STYLE = Automatic;
				DEVELOPMENT_ASSET_PATHS = "\"WebView/Preview Content\"";
				DEVELOPMENT_TEAM = 9MWQQ54CZQ;
				ENABLE_PREVIEWS = YES;
				INFOPLIST_FILE = WebView/Info.plist;
				LD_RUNPATH_SEARCH_PATHS = (
					"$(inherited)",
					"@executable_path/Frameworks",
				);
				PRODUCT_BUNDLE_IDENTIFIER = com.albertomoral.WebView;
				PRODUCT_NAME = "$(TARGET_NAME)";
				SWIFT_VERSION = 5.0;
				TARGETED_DEVICE_FAMILY = "1,2";
			};
			name = Debug;
		};
		D3CDD969242615C00059B620 /* Release */ = {
			isa = XCBuildConfiguration;
			buildSettings = {
				ASSETCATALOG_COMPILER_APPICON_NAME = AppIcon;
				CODE_SIGN_STYLE = Automatic;
				DEVELOPMENT_ASSET_PATHS = "\"WebView/Preview Content\"";
				DEVELOPMENT_TEAM = 9MWQQ54CZQ;
				ENABLE_PREVIEWS = YES;
				INFOPLIST_FILE = WebView/Info.plist;
				LD_RUNPATH_SEARCH_PATHS = (
					"$(inherited)",
					"@executable_path/Frameworks",
				);
				PRODUCT_BUNDLE_IDENTIFIER = com.albertomoral.WebView;
				PRODUCT_NAME = "$(TARGET_NAME)";
				SWIFT_VERSION = 5.0;
				TARGETED_DEVICE_FAMILY = "1,2";
			};
			name = Release;
		};
		D3CDD96B242615C00059B620 /* Debug */ = {
			isa = XCBuildConfiguration;
			buildSettings = {
				ALWAYS_EMBED_SWIFT_STANDARD_LIBRARIES = YES;
				BUNDLE_LOADER = "$(TEST_HOST)";
				CODE_SIGN_STYLE = Automatic;
				DEVELOPMENT_TEAM = 9MWQQ54CZQ;
				INFOPLIST_FILE = WebViewTests/Info.plist;
				IPHONEOS_DEPLOYMENT_TARGET = 13.2;
				LD_RUNPATH_SEARCH_PATHS = (
					"$(inherited)",
					"@executable_path/Frameworks",
					"@loader_path/Frameworks",
				);
				PRODUCT_BUNDLE_IDENTIFIER = com.albertomoral.WebViewTests;
				PRODUCT_NAME = "$(TARGET_NAME)";
				SWIFT_VERSION = 5.0;
				TARGETED_DEVICE_FAMILY = "1,2";
				TEST_HOST = "$(BUILT_PRODUCTS_DIR)/WebView.app/WebView";
			};
			name = Debug;
		};
		D3CDD96C242615C00059B620 /* Release */ = {
			isa = XCBuildConfiguration;
			buildSettings = {
				ALWAYS_EMBED_SWIFT_STANDARD_LIBRARIES = YES;
				BUNDLE_LOADER = "$(TEST_HOST)";
				CODE_SIGN_STYLE = Automatic;
				DEVELOPMENT_TEAM = 9MWQQ54CZQ;
				INFOPLIST_FILE = WebViewTests/Info.plist;
				IPHONEOS_DEPLOYMENT_TARGET = 13.2;
				LD_RUNPATH_SEARCH_PATHS = (
					"$(inherited)",
					"@executable_path/Frameworks",
					"@loader_path/Frameworks",
				);
				PRODUCT_BUNDLE_IDENTIFIER = com.albertomoral.WebViewTests;
				PRODUCT_NAME = "$(TARGET_NAME)";
				SWIFT_VERSION = 5.0;
				TARGETED_DEVICE_FAMILY = "1,2";
				TEST_HOST = "$(BUILT_PRODUCTS_DIR)/WebView.app/WebView";
			};
			name = Release;
		};
/* End XCBuildConfiguration section */

/* Begin XCConfigurationList section */
		D3CDD943242615BD0059B620 /* Build configuration list for PBXProject "WebView" */ = {
			isa = XCConfigurationList;
			buildConfigurations = (
				D3CDD965242615C00059B620 /* Debug */,
				D3CDD966242615C00059B620 /* Release */,
			);
			defaultConfigurationIsVisible = 0;
			defaultConfigurationName = Release;
		};
		D3CDD967242615C00059B620 /* Build configuration list for PBXNativeTarget "WebView" */ = {
			isa = XCConfigurationList;
			buildConfigurations = (
				D3CDD968242615C00059B620 /* Debug */,
				D3CDD969242615C00059B620 /* Release */,
			);
			defaultConfigurationIsVisible = 0;
			defaultConfigurationName = Release;
		};
		D3CDD96A242615C00059B620 /* Build configuration list for PBXNativeTarget "WebViewTests" */ = {
			isa = XCConfigurationList;
			buildConfigurations = (
				D3CDD96B242615C00059B620 /* Debug */,
				D3CDD96C242615C00059B620 /* Release */,
			);
			defaultConfigurationIsVisible = 0;
			defaultConfigurationName = Release;
		};
/* End XCConfigurationList section */
	};
	rootObject = D3CDD940242615BD0059B620 /* Project object */;
}
